// !$*UTF8*$!
{
	archiveVersion = 1;
	classes = {
	};
	objectVersion = 46;
	objects = {

/* Begin PBXBuildFile section */
		9B0EAFDC1EC936C7009F04B2 /* VideoPlayViewController.swift in Sources */ = {isa = PBXBuildFile; fileRef = 9B0EAFDB1EC936C7009F04B2 /* VideoPlayViewController.swift */; };
		9B53B6041EC167B1009EE1A4 /* AlgorithmViewController.swift in Sources */ = {isa = PBXBuildFile; fileRef = 9B53B6031EC167B1009EE1A4 /* AlgorithmViewController.swift */; };
		9B754E8E1EBC0E7700D5C57B /* AnimationViewController.swift in Sources */ = {isa = PBXBuildFile; fileRef = 9B754E8D1EBC0E7700D5C57B /* AnimationViewController.swift */; };
		9BCFBB2C1EB172EB005E44FB /* AppDelegate.swift in Sources */ = {isa = PBXBuildFile; fileRef = 9BCFBB2B1EB172EB005E44FB /* AppDelegate.swift */; };
		9BCFBB2E1EB172EB005E44FB /* ViewController.swift in Sources */ = {isa = PBXBuildFile; fileRef = 9BCFBB2D1EB172EB005E44FB /* ViewController.swift */; };
		9BCFBB311EB172EB005E44FB /* Main.storyboard in Resources */ = {isa = PBXBuildFile; fileRef = 9BCFBB2F1EB172EB005E44FB /* Main.storyboard */; };
		9BCFBB331EB172EB005E44FB /* Assets.xcassets in Resources */ = {isa = PBXBuildFile; fileRef = 9BCFBB321EB172EB005E44FB /* Assets.xcassets */; };
		9BCFBB361EB172EB005E44FB /* LaunchScreen.storyboard in Resources */ = {isa = PBXBuildFile; fileRef = 9BCFBB341EB172EB005E44FB /* LaunchScreen.storyboard */; };
		9BCFBB401EB18EF6005E44FB /* TestAnimationViewController.swift in Sources */ = {isa = PBXBuildFile; fileRef = 9BCFBB3F1EB18EF6005E44FB /* TestAnimationViewController.swift */; };
/* End PBXBuildFile section */

/* Begin PBXFileReference section */
		9B0EAFDB1EC936C7009F04B2 /* VideoPlayViewController.swift */ = {isa = PBXFileReference; fileEncoding = 4; lastKnownFileType = sourcecode.swift; path = VideoPlayViewController.swift; sourceTree = "<group>"; };
		9B53B6031EC167B1009EE1A4 /* AlgorithmViewController.swift */ = {isa = PBXFileReference; fileEncoding = 4; lastKnownFileType = sourcecode.swift; path = AlgorithmViewController.swift; sourceTree = "<group>"; };
		9B754E8D1EBC0E7700D5C57B /* AnimationViewController.swift */ = {isa = PBXFileReference; fileEncoding = 4; lastKnownFileType = sourcecode.swift; path = AnimationViewController.swift; sourceTree = "<group>"; };
		9BCFBB281EB172EB005E44FB /* BaseSwift.app */ = {isa = PBXFileReference; explicitFileType = wrapper.application; includeInIndex = 0; path = BaseSwift.app; sourceTree = BUILT_PRODUCTS_DIR; };
		9BCFBB2B1EB172EB005E44FB /* AppDelegate.swift */ = {isa = PBXFileReference; lastKnownFileType = sourcecode.swift; path = AppDelegate.swift; sourceTree = "<group>"; };
		9BCFBB2D1EB172EB005E44FB /* ViewController.swift */ = {isa = PBXFileReference; lastKnownFileType = sourcecode.swift; path = ViewController.swift; sourceTree = "<group>"; };
		9BCFBB301EB172EB005E44FB /* Base */ = {isa = PBXFileReference; lastKnownFileType = file.storyboard; name = Base; path = Base.lproj/Main.storyboard; sourceTree = "<group>"; };
		9BCFBB321EB172EB005E44FB /* Assets.xcassets */ = {isa = PBXFileReference; lastKnownFileType = folder.assetcatalog; path = Assets.xcassets; sourceTree = "<group>"; };
		9BCFBB351EB172EB005E44FB /* Base */ = {isa = PBXFileReference; lastKnownFileType = file.storyboard; name = Base; path = Base.lproj/LaunchScreen.storyboard; sourceTree = "<group>"; };
		9BCFBB371EB172EB005E44FB /* Info.plist */ = {isa = PBXFileReference; lastKnownFileType = text.plist.xml; path = Info.plist; sourceTree = "<group>"; };
		9BCFBB3F1EB18EF6005E44FB /* TestAnimationViewController.swift */ = {isa = PBXFileReference; fileEncoding = 4; lastKnownFileType = sourcecode.swift; path = TestAnimationViewController.swift; sourceTree = "<group>"; };
/* End PBXFileReference section */

/* Begin PBXFrameworksBuildPhase section */
		9BCFBB251EB172EB005E44FB /* Frameworks */ = {
			isa = PBXFrameworksBuildPhase;
			buildActionMask = 2147483647;
			files = (
			);
			runOnlyForDeploymentPostprocessing = 0;
		};
/* End PBXFrameworksBuildPhase section */

/* Begin PBXGroup section */
		9BCFBB1F1EB172EB005E44FB = {
			isa = PBXGroup;
			children = (
				9BCFBB2A1EB172EB005E44FB /* BaseSwift */,
				9BCFBB291EB172EB005E44FB /* Products */,
			);
			sourceTree = "<group>";
		};
		9BCFBB291EB172EB005E44FB /* Products */ = {
			isa = PBXGroup;
			children = (
				9BCFBB281EB172EB005E44FB /* BaseSwift.app */,
			);
			name = Products;
			sourceTree = "<group>";
		};
		9BCFBB2A1EB172EB005E44FB /* BaseSwift */ = {
			isa = PBXGroup;
			children = (
				9BCFBB3E1EB18EC9005E44FB /* animation */,
				9BCFBB2B1EB172EB005E44FB /* AppDelegate.swift */,
				9BCFBB2D1EB172EB005E44FB /* ViewController.swift */,
				9BCFBB2F1EB172EB005E44FB /* Main.storyboard */,
				9BCFBB321EB172EB005E44FB /* Assets.xcassets */,
				9BCFBB341EB172EB005E44FB /* LaunchScreen.storyboard */,
				9BCFBB371EB172EB005E44FB /* Info.plist */,
			);
			path = BaseSwift;
			sourceTree = "<group>";
		};
		9BCFBB3E1EB18EC9005E44FB /* animation */ = {
			isa = PBXGroup;
			children = (
				9BCFBB3F1EB18EF6005E44FB /* TestAnimationViewController.swift */,
				9B754E8D1EBC0E7700D5C57B /* AnimationViewController.swift */,
				9B53B6031EC167B1009EE1A4 /* AlgorithmViewController.swift */,
				9B0EAFDB1EC936C7009F04B2 /* VideoPlayViewController.swift */,
			);
			path = animation;
			sourceTree = "<group>";
		};
/* End PBXGroup section */

/* Begin PBXNativeTarget section */
		9BCFBB271EB172EB005E44FB /* BaseSwift */ = {
			isa = PBXNativeTarget;
			buildConfigurationList = 9BCFBB3A1EB172EB005E44FB /* Build configuration list for PBXNativeTarget "BaseSwift" */;
			buildPhases = (
				9BCFBB241EB172EB005E44FB /* Sources */,
				9BCFBB251EB172EB005E44FB /* Frameworks */,
				9BCFBB261EB172EB005E44FB /* Resources */,
			);
			buildRules = (
			);
			dependencies = (
			);
			name = BaseSwift;
			productName = BaseSwift;
			productReference = 9BCFBB281EB172EB005E44FB /* BaseSwift.app */;
			productType = "com.apple.product-type.application";
		};
/* End PBXNativeTarget section */

/* Begin PBXProject section */
		9BCFBB201EB172EB005E44FB /* Project object */ = {
			isa = PBXProject;
			attributes = {
				LastSwiftUpdateCheck = 0830;
				LastUpgradeCheck = 0830;
				ORGANIZATIONNAME = WL;
				TargetAttributes = {
					9BCFBB271EB172EB005E44FB = {
						CreatedOnToolsVersion = 8.3;
						DevelopmentTeam = Q7D7KAR593;
						ProvisioningStyle = Automatic;
					};
				};
			};
			buildConfigurationList = 9BCFBB231EB172EB005E44FB /* Build configuration list for PBXProject "BaseSwift" */;
			compatibilityVersion = "Xcode 3.2";
			developmentRegion = English;
			hasScannedForEncodings = 0;
			knownRegions = (
				en,
				Base,
			);
			mainGroup = 9BCFBB1F1EB172EB005E44FB;
			productRefGroup = 9BCFBB291EB172EB005E44FB /* Products */;
			projectDirPath = "";
			projectRoot = "";
			targets = (
				9BCFBB271EB172EB005E44FB /* BaseSwift */,
			);
		};
/* End PBXProject section */

/* Begin PBXResourcesBuildPhase section */
		9BCFBB261EB172EB005E44FB /* Resources */ = {
			isa = PBXResourcesBuildPhase;
			buildActionMask = 2147483647;
			files = (
				9BCFBB361EB172EB005E44FB /* LaunchScreen.storyboard in Resources */,
				9BCFBB331EB172EB005E44FB /* Assets.xcassets in Resources */,
				9BCFBB311EB172EB005E44FB /* Main.storyboard in Resources */,
			);
			runOnlyForDeploymentPostprocessing = 0;
		};
/* End PBXResourcesBuildPhase section */

/* Begin PBXSourcesBuildPhase section */
		9BCFBB241EB172EB005E44FB /* Sources */ = {
			isa = PBXSourcesBuildPhase;
			buildActionMask = 2147483647;
			files = (
				9B0EAFDC1EC936C7009F04B2 /* VideoPlayViewController.swift in Sources */,
				9B53B6041EC167B1009EE1A4 /* AlgorithmViewController.swift in Sources */,
				9BCFBB2E1EB172EB005E44FB /* ViewController.swift in Sources */,
				9BCFBB401EB18EF6005E44FB /* TestAnimationViewController.swift in Sources */,
				9BCFBB2C1EB172EB005E44FB /* AppDelegate.swift in Sources */,
				9B754E8E1EBC0E7700D5C57B /* AnimationViewController.swift in Sources */,
			);
			runOnlyForDeploymentPostprocessing = 0;
		};
/* End PBXSourcesBuildPhase section */

/* Begin PBXVariantGroup section */
		9BCFBB2F1EB172EB005E44FB /* Main.storyboard */ = {
			isa = PBXVariantGroup;
			children = (
				9BCFBB301EB172EB005E44FB /* Base */,
			);
			name = Main.storyboard;
			sourceTree = "<group>";
		};
		9BCFBB341EB172EB005E44FB /* LaunchScreen.storyboard */ = {
			isa = PBXVariantGroup;
			children = (
				9BCFBB351EB172EB005E44FB /* Base */,
			);
			name = LaunchScreen.storyboard;
			sourceTree = "<group>";
		};
/* End PBXVariantGroup section */

/* Begin XCBuildConfiguration section */
		9BCFBB381EB172EB005E44FB /* Debug */ = {
			isa = XCBuildConfiguration;
			buildSettings = {
				ALWAYS_SEARCH_USER_PATHS = NO;
				CLANG_ANALYZER_NONNULL = YES;
				CLANG_ANALYZER_NUMBER_OBJECT_CONVERSION = YES_AGGRESSIVE;
				CLANG_CXX_LANGUAGE_STANDARD = "gnu++0x";
				CLANG_CXX_LIBRARY = "libc++";
				CLANG_ENABLE_MODULES = YES;
				CLANG_ENABLE_OBJC_ARC = YES;
				CLANG_WARN_BOOL_CONVERSION = YES;
				CLANG_WARN_CONSTANT_CONVERSION = YES;
				CLANG_WARN_DIRECT_OBJC_ISA_USAGE = YES_ERROR;
				CLANG_WARN_DOCUMENTATION_COMMENTS = YES;
				CLANG_WARN_EMPTY_BODY = YES;
				CLANG_WARN_ENUM_CONVERSION = YES;
				CLANG_WARN_INFINITE_RECURSION = YES;
				CLANG_WARN_INT_CONVERSION = YES;
				CLANG_WARN_OBJC_ROOT_CLASS = YES_ERROR;
				CLANG_WARN_SUSPICIOUS_MOVE = YES;
				CLANG_WARN_UNREACHABLE_CODE = YES;
				CLANG_WARN__DUPLICATE_METHOD_MATCH = YES;
				"CODE_SIGN_IDENTITY[sdk=iphoneos*]" = "iPhone Developer";
				COPY_PHASE_STRIP = NO;
				DEBUG_INFORMATION_FORMAT = dwarf;
				ENABLE_STRICT_OBJC_MSGSEND = YES;
				ENABLE_TESTABILITY = YES;
				GCC_C_LANGUAGE_STANDARD = gnu99;
				GCC_DYNAMIC_NO_PIC = NO;
				GCC_NO_COMMON_BLOCKS = YES;
				GCC_OPTIMIZATION_LEVEL = 0;
				GCC_PREPROCESSOR_DEFINITIONS = (
					"DEBUG=1",
					"$(inherited)",
				);
				GCC_WARN_64_TO_32_BIT_CONVERSION = YES;
				GCC_WARN_ABOUT_RETURN_TYPE = YES_ERROR;
				GCC_WARN_UNDECLARED_SELECTOR = YES;
				GCC_WARN_UNINITIALIZED_AUTOS = YES_AGGRESSIVE;
				GCC_WARN_UNUSED_FUNCTION = YES;
				GCC_WARN_UNUSED_VARIABLE = YES;
				IPHONEOS_DEPLOYMENT_TARGET = 10.3;
				MTL_ENABLE_DEBUG_INFO = YES;
				ONLY_ACTIVE_ARCH = YES;
				SDKROOT = iphoneos;
				SWIFT_ACTIVE_COMPILATION_CONDITIONS = DEBUG;
				SWIFT_OPTIMIZATION_LEVEL = "-Onone";
			};
			name = Debug;
		};
		9BCFBB391EB172EB005E44FB /* Release */ = {
			isa = XCBuildConfiguration;
			buildSettings = {
				ALWAYS_SEARCH_USER_PATHS = NO;
				CLANG_ANALYZER_NONNULL = YES;
				CLANG_ANALYZER_NUMBER_OBJECT_CONVERSION = YES_AGGRESSIVE;
				CLANG_CXX_LANGUAGE_STANDARD = "gnu++0x";
				CLANG_CXX_LIBRARY = "libc++";
				CLANG_ENABLE_MODULES = YES;
				CLANG_ENABLE_OBJC_ARC = YES;
				CLANG_WARN_BOOL_CONVERSION = YES;
				CLANG_WARN_CONSTANT_CONVERSION = YES;
				CLANG_WARN_DIRECT_OBJC_ISA_USAGE = YES_ERROR;
				CLANG_WARN_DOCUMENTATION_COMMENTS = YES;
				CLANG_WARN_EMPTY_BODY = YES;
				CLANG_WARN_ENUM_CONVERSION = YES;
				CLANG_WARN_INFINITE_RECURSION = YES;
				CLANG_WARN_INT_CONVERSION = YES;
				CLANG_WARN_OBJC_ROOT_CLASS = YES_ERROR;
				CLANG_WARN_SUSPICIOUS_MOVE = YES;
				CLANG_WARN_UNREACHABLE_CODE = YES;
				CLANG_WARN__DUPLICATE_METHOD_MATCH = YES;
				"CODE_SIGN_IDENTITY[sdk=iphoneos*]" = "iPhone Developer";
				COPY_PHASE_STRIP = NO;
				DEBUG_INFORMATION_FORMAT = "dwarf-with-dsym";
				ENABLE_NS_ASSERTIONS = NO;
				ENABLE_STRICT_OBJC_MSGSEND = YES;
				GCC_C_LANGUAGE_STANDARD = gnu99;
				GCC_NO_COMMON_BLOCKS = YES;
				GCC_WARN_64_TO_32_BIT_CONVERSION = YES;
				GCC_WARN_ABOUT_RETURN_TYPE = YES_ERROR;
				GCC_WARN_UNDECLARED_SELECTOR = YES;
				GCC_WARN_UNINITIALIZED_AUTOS = YES_AGGRESSIVE;
				GCC_WARN_UNUSED_FUNCTION = YES;
				GCC_WARN_UNUSED_VARIABLE = YES;
				IPHONEOS_DEPLOYMENT_TARGET = 10.3;
				MTL_ENABLE_DEBUG_INFO = NO;
				SDKROOT = iphoneos;
				SWIFT_OPTIMIZATION_LEVEL = "-Owholemodule";
				VALIDATE_PRODUCT = YES;
			};
			name = Release;
		};
		9BCFBB3B1EB172EB005E44FB /* Debug */ = {
			isa = XCBuildConfiguration;
			buildSettings = {
				ASSETCATALOG_COMPILER_APPICON_NAME = AppIcon;
				DEVELOPMENT_TEAM = Q7D7KAR593;
				ENABLE_BITCODE = NO;
				INFOPLIST_FILE = BaseSwift/Info.plist;
				IPHONEOS_DEPLOYMENT_TARGET = 8.0;
				LD_RUNPATH_SEARCH_PATHS = "$(inherited) @executable_path/Frameworks";
				PRODUCT_BUNDLE_IDENTIFIER = WL.BaseSwift;
				PRODUCT_NAME = "$(TARGET_NAME)";
				SWIFT_VERSION = 3.0;
			};
			name = Debug;
		};
		9BCFBB3C1EB172EB005E44FB /* Release */ = {
			isa = XCBuildConfiguration;
			buildSettings = {
				ASSETCATALOG_COMPILER_APPICON_NAME = AppIcon;
				DEVELOPMENT_TEAM = Q7D7KAR593;
				ENABLE_BITCODE = NO;
				INFOPLIST_FILE = BaseSwift/Info.plist;
				IPHONEOS_DEPLOYMENT_TARGET = 8.0;
				LD_RUNPATH_SEARCH_PATHS = "$(inherited) @executable_path/Frameworks";
				PRODUCT_BUNDLE_IDENTIFIER = WL.BaseSwift;
				PRODUCT_NAME = "$(TARGET_NAME)";
				SWIFT_VERSION = 3.0;
			};
			name = Release;
		};
/* End XCBuildConfiguration section */

/* Begin XCConfigurationList section */
		9BCFBB231EB172EB005E44FB /* Build configuration list for PBXProject "BaseSwift" */ = {
			isa = XCConfigurationList;
			buildConfigurations = (
				9BCFBB381EB172EB005E44FB /* Debug */,
				9BCFBB391EB172EB005E44FB /* Release */,
			);
			defaultConfigurationIsVisible = 0;
			defaultConfigurationName = Release;
		};
		9BCFBB3A1EB172EB005E44FB /* Build configuration list for PBXNativeTarget "BaseSwift" */ = {
			isa = XCConfigurationList;
			buildConfigurations = (
				9BCFBB3B1EB172EB005E44FB /* Debug */,
				9BCFBB3C1EB172EB005E44FB /* Release */,
			);
			defaultConfigurationIsVisible = 0;
			defaultConfigurationName = Release;
		};
/* End XCConfigurationList section */
	};
	rootObject = 9BCFBB201EB172EB005E44FB /* Project object */;
}
